{
  "name": "snowrumble-code-conventions",
  "lockfileVersion": 3,
  "requires": true,
  "packages": {
    "": {
      "name": "snowrumble-code-conventions",
      "devDependencies": {
        "editorconfig-checker": "^6.2.0",
        "husky": "^9.1.7"
      }
    },
    "node_modules/editorconfig-checker": {
      "version": "6.2.0",
      "resolved": "https://registry.npmjs.org/editorconfig-checker/-/editorconfig-checker-6.2.0.tgz",
      "integrity": "sha512-5zrNwlxUWyOvAcrSK4mPIGNYrf1KK5pH2D3VXDB1AcDsDdBfLNPOjBL5jHgYh+JykOIuXlQHMeYvXPrZwGNmHA==",
      "dev": true,
      "license": "MIT",
      "bin": {
        "ec": "dist/index.js",
        "editorconfig-checker": "dist/index.js"
      },
      "engines": {
        "node": ">=20.11.0"
      },
      "funding": {
        "type": "buymeacoffee",
        "url": "https://www.buymeacoffee.com/mstruebing"
      }
    },
    "node_modules/husky": {
      "version": "9.1.7",
      "resolved": "https://registry.npmjs.org/husky/-/husky-9.1.7.tgz",
      "integrity": "sha512-5gs5ytaNjBrh5Ow3zrvdUUY+0VxIuWVL4i9irt6friV+BqdCfmV11CQTWMiBYWHbXhco+J1kHfTOUkePhCDvMA==",
      "dev": true,
      "license": "MIT",
      "bin": {
        "husky": "bin.js"
      },
      "engines": {
        "node": ">=18"
      },
      "funding": {
        "url": "https://github.com/sponsors/typicode"
      }
    }
  }
}
